// !$*UTF8*$!
{
	archiveVersion = 1;
	classes = {
	};
	objectVersion = 56;
	objects = {

/* Begin PBXBuildFile section */
		9C0000012C88C00100000001 /* App.swift in Sources */ = {isa = PBXBuildFile; fileRef = 9C0000112C88C00100000001 /* App.swift */; };
		9C0000022C88C00100000001 /* ContentView.swift in Sources */ = {isa = PBXBuildFile; fileRef = 9C0000122C88C00100000001 /* ContentView.swift */; };
		9C0000032C88C00100000001 /* Models.swift in Sources */ = {isa = PBXBuildFile; fileRef = 9C0000132C88C00100000001 /* Models.swift */; };
		9C0000062C88C00100000001 /* Torly-AppIcon-60@2x.png in Resources */ = {isa = PBXBuildFile; fileRef = 9C0000162C88C00100000001 /* Torly-AppIcon-60@2x.png */; };
		9C0000072C88C00100000001 /* Torly-AppIcon-60@3x.png in Resources */ = {isa = PBXBuildFile; fileRef = 9C0000172C88C00100000001 /* Torly-AppIcon-60@3x.png */; };
		9C0000082C88C00100000001 /* Torly-AppIcon-1024.png in Resources */ = {isa = PBXBuildFile; fileRef = 9C0000182C88C00100000001 /* Torly-AppIcon-1024.png */; };
/* End PBXBuildFile section */

/* Begin PBXFileReference section */
		9C0000102C88C00100000001 /* Torly.app */ = {isa = PBXFileReference; explicitFileType = wrapper.application; includeInIndex = 0; path = Torly.app; sourceTree = BUILT_PRODUCTS_DIR; };
		9C0000112C88C00100000001 /* App.swift */ = {isa = PBXFileReference; lastKnownFileType = sourcecode.swift; path = App.swift; sourceTree = "<group>"; };
		9C0000122C88C00100000001 /* ContentView.swift */ = {isa = PBXFileReference; lastKnownFileType = sourcecode.swift; path = ContentView.swift; sourceTree = "<group>"; };
		9C0000132C88C00100000001 /* Models.swift */ = {isa = PBXFileReference; lastKnownFileType = sourcecode.swift; path = Models.swift; sourceTree = "<group>"; };
		9C0000142C88C00100000001 /* Assets.xcassets */ = {isa = PBXFileReference; lastKnownFileType = folder.assetcatalog; path = Assets.xcassets; sourceTree = "<group>"; };
		9C0000192C88C00100000001 /* Info.plist */ = {isa = PBXFileReference; lastKnownFileType = text.plist.xml; path = Info.plist; sourceTree = "<group>"; };
		9C0000162C88C00100000001 /* Torly-AppIcon-60@2x.png */ = {isa = PBXFileReference; lastKnownFileType = image.png; path = "Torly-AppIcon-60@2x.png"; sourceTree = "<group>"; };
		9C0000172C88C00100000001 /* Torly-AppIcon-60@3x.png */ = {isa = PBXFileReference; lastKnownFileType = image.png; path = "Torly-AppIcon-60@3x.png"; sourceTree = "<group>"; };
		9C0000182C88C00100000001 /* Torly-AppIcon-1024.png */ = {isa = PBXFileReference; lastKnownFileType = image.png; path = "Torly-AppIcon-1024.png"; sourceTree = "<group>"; };
/* End PBXFileReference section */

/* Begin PBXFrameworksBuildPhase section */
		9C0000202C88C00100000001 /* Frameworks */ = {
			isa = PBXFrameworksBuildPhase;
			buildActionMask = 2147483647;
			files = (
			);
			runOnlyForDeploymentPostprocessing = 0;
		};
/* End PBXFrameworksBuildPhase section */

/* Begin PBXGroup section */
		9C0000302C88C00100000001 = {
			isa = PBXGroup;
			children = (
				9C0000312C88C00100000001 /* TorBooking */,
				9C0000322C88C00100000001 /* Products */,
			);
			sourceTree = "<group>";
		};
		9C0000312C88C00100000001 /* TorBooking */ = {
			isa = PBXGroup;
			children = (
				9C0000112C88C00100000001 /* App.swift */,
				9C0000122C88C00100000001 /* ContentView.swift */,
				9C0000132C88C00100000001 /* Models.swift */,
				9C0000192C88C00100000001 /* Info.plist */,
				9C0000142C88C00100000001 /* Assets.xcassets */,
				9C0000152C88C00100000001 /* AppIcons */,
			);
			path = TorBooking;
			sourceTree = "<group>";
		};
		9C0000152C88C00100000001 /* AppIcons */ = {
			isa = PBXGroup;
			children = (
				9C0000162C88C00100000001 /* Torly-AppIcon-60@2x.png */,
				9C0000172C88C00100000001 /* Torly-AppIcon-60@3x.png */,
				9C0000182C88C00100000001 /* Torly-AppIcon-1024.png */,
			);
			path = AppIcons;
			sourceTree = "<group>";
		};
		9C0000322C88C00100000001 /* Products */ = {
			isa = PBXGroup;
			children = (
				9C0000102C88C00100000001 /* Torly.app */,
			);
			name = Products;
			sourceTree = "<group>";
		};
/* End PBXGroup section */

/* Begin PBXNativeTarget section */
		9C0000402C88C00100000001 /* Torly */ = {
			isa = PBXNativeTarget;
			buildConfigurationList = 9C0000702C88C00100000001 /* Build configuration list for PBXNativeTarget "Torly" */;
			buildPhases = (
				9C0000502C88C00100000001 /* Sources */,
				9C0000202C88C00100000001 /* Frameworks */,
				9C0000602C88C00100000001 /* Resources */,
			);
			buildRules = (
			);
			dependencies = (
			);
			name = Torly;
			productName = Torly;
			productReference = 9C0000102C88C00100000001 /* Torly.app */;
			productType = "com.apple.product-type.application";
		};
/* End PBXNativeTarget section */

/* Begin PBXProject section */
		9C0000802C88C00100000001 /* Project object */ = {
			isa = PBXProject;
			attributes = {
				BuildIndependentTargetsInParallel = 1;
				LastSwiftUpdateCheck = 2660;
				LastUpgradeCheck = 2660;
				TargetAttributes = {
					9C0000402C88C00100000001 = {
						CreatedOnToolsVersion = 26.6;
					};
				};
			};
			buildConfigurationList = 9C0000902C88C00100000001 /* Build configuration list for PBXProject "Torly" */;
			compatibilityVersion = "Xcode 14.0";
			developmentRegion = en;
			hasScannedForEncodings = 0;
			knownRegions = (
				en,
				Base,
			);
			mainGroup = 9C0000302C88C00100000001;
			productRefGroup = 9C0000322C88C00100000001 /* Products */;
			projectDirPath = "";
			projectRoot = "";
			targets = (
				9C0000402C88C00100000001 /* Torly */,
			);
		};
/* End PBXProject section */

/* Begin PBXResourcesBuildPhase section */
		9C0000602C88C00100000001 /* Resources */ = {
			isa = PBXResourcesBuildPhase;
			buildActionMask = 2147483647;
			files = (
				9C0000062C88C00100000001 /* Torly-AppIcon-60@2x.png in Resources */,
				9C0000072C88C00100000001 /* Torly-AppIcon-60@3x.png in Resources */,
				9C0000082C88C00100000001 /* Torly-AppIcon-1024.png in Resources */,
			);
			runOnlyForDeploymentPostprocessing = 0;
		};
/* End PBXResourcesBuildPhase section */

/* Begin PBXSourcesBuildPhase section */
		9C0000502C88C00100000001 /* Sources */ = {
			isa = PBXSourcesBuildPhase;
			buildActionMask = 2147483647;
			files = (
				9C0000012C88C00100000001 /* App.swift in Sources */,
				9C0000022C88C00100000001 /* ContentView.swift in Sources */,
				9C0000032C88C00100000001 /* Models.swift in Sources */,
			);
			runOnlyForDeploymentPostprocessing = 0;
		};
/* End PBXSourcesBuildPhase section */

/* Begin XCBuildConfiguration section */
		9C0000A02C88C00100000001 /* Debug */ = {
			isa = XCBuildConfiguration;
			buildSettings = {
				ALWAYS_SEARCH_USER_PATHS = NO;
				CLANG_ANALYZER_NONNULL = YES;
				CLANG_ANALYZER_NUMBER_OBJECT_CONVERSION = YES_AGGRESSIVE;
				CLANG_CXX_LANGUAGE_STANDARD = "gnu++20";
				CLANG_ENABLE_MODULES = YES;
				CLANG_ENABLE_OBJC_ARC = YES;
				CLANG_ENABLE_OBJC_WEAK = YES;
				CLANG_WARN_BLOCK_CAPTURE_AUTORELEASING = YES;
				CLANG_WARN_BOOL_CONVERSION = YES;
				CLANG_WARN_COMMA = YES;
				CLANG_WARN_CONSTANT_CONVERSION = YES;
				CLANG_WARN_DEPRECATED_OBJC_IMPLEMENTATIONS = YES;
				CLANG_WARN_DIRECT_OBJC_ISA_USAGE = YES_ERROR;
				CLANG_WARN_DOCUMENTATION_COMMENTS = YES;
				CLANG_WARN_EMPTY_BODY = YES;
				CLANG_WARN_ENUM_CONVERSION = YES;
				CLANG_WARN_INFINITE_RECURSION = YES;
				CLANG_WARN_INT_CONVERSION = YES;
				CLANG_WARN_NON_LITERAL_NULL_CONVERSION = YES;
				CLANG_WARN_OBJC_IMPLICIT_RETAIN_SELF = YES;
				CLANG_WARN_OBJC_LITERAL_CONVERSION = YES;
				CLANG_WARN_OBJC_ROOT_CLASS = YES_ERROR;
				CLANG_WARN_QUOTED_INCLUDE_IN_FRAMEWORK_HEADER = YES;
				CLANG_WARN_RANGE_LOOP_ANALYSIS = YES;
				CLANG_WARN_STRICT_PROTOTYPES = YES;
				CLANG_WARN_SUSPICIOUS_MOVE = YES;
				CLANG_WARN_UNGUARDED_AVAILABILITY = YES_AGGRESSIVE;
				CLANG_WARN_UNREACHABLE_CODE = YES;
				CLANG_WARN__DUPLICATE_METHOD_MATCH = YES;
				COPY_PHASE_STRIP = NO;
				DEBUG_INFORMATION_FORMAT = dwarf;
				ENABLE_STRICT_OBJC_MSGSEND = YES;
				ENABLE_TESTABILITY = YES;
				GCC_C_LANGUAGE_STANDARD = gnu17;
				GCC_DYNAMIC_NO_PIC = NO;
				GCC_NO_COMMON_BLOCKS = YES;
				GCC_OPTIMIZATION_LEVEL = 0;
				GCC_PREPROCESSOR_DEFINITIONS = (
					"DEBUG=1",
					"$(inherited)",
				);
				GCC_WARN_64_TO_32_BIT_CONVERSION = YES;
				GCC_WARN_ABOUT_RETURN_TYPE = YES_ERROR;
				GCC_WARN_UNDECLARED_SELECTOR = YES;
				GCC_WARN_UNINITIALIZED_AUTOS = YES_AGGRESSIVE;
				GCC_WARN_UNUSED_FUNCTION = YES;
				GCC_WARN_UNUSED_VARIABLE = YES;
				IPHONEOS_DEPLOYMENT_TARGET = 16.0;
				MTL_ENABLE_DEBUG_INFO = INCLUDE_SOURCE;
				MTL_FAST_MATH = YES;
				ONLY_ACTIVE_ARCH = YES;
				SDKROOT = iphoneos;
				SWIFT_ACTIVE_COMPILATION_CONDITIONS = DEBUG;
				SWIFT_OPTIMIZATION_LEVEL = "-Onone";
			};
			name = Debug;
		};
		9C0000A12C88C00100000001 /* Release */ = {
			isa = XCBuildConfiguration;
			buildSettings = {
				ALWAYS_SEARCH_USER_PATHS = NO;
				CLANG_ANALYZER_NONNULL = YES;
				CLANG_ANALYZER_NUMBER_OBJECT_CONVERSION = YES_AGGRESSIVE;
				CLANG_CXX_LANGUAGE_STANDARD = "gnu++20";
				CLANG_ENABLE_MODULES = YES;
				CLANG_ENABLE_OBJC_ARC = YES;
				CLANG_ENABLE_OBJC_WEAK = YES;
				CLANG_WARN_BLOCK_CAPTURE_AUTORELEASING = YES;
				CLANG_WARN_BOOL_CONVERSION = YES;
				CLANG_WARN_COMMA = YES;
				CLANG_WARN_CONSTANT_CONVERSION = YES;
				CLANG_WARN_DEPRECATED_OBJC_IMPLEMENTATIONS = YES;
				CLANG_WARN_DIRECT_OBJC_ISA_USAGE = YES_ERROR;
				CLANG_WARN_DOCUMENTATION_COMMENTS = YES;
				CLANG_WARN_EMPTY_BODY = YES;
				CLANG_WARN_ENUM_CONVERSION = YES;
				CLANG_WARN_INFINITE_RECURSION = YES;
				CLANG_WARN_INT_CONVERSION = YES;
				CLANG_WARN_NON_LITERAL_NULL_CONVERSION = YES;
				CLANG_WARN_OBJC_IMPLICIT_RETAIN_SELF = YES;
				CLANG_WARN_OBJC_LITERAL_CONVERSION = YES;
				CLANG_WARN_OBJC_ROOT_CLASS = YES_ERROR;
				CLANG_WARN_QUOTED_INCLUDE_IN_FRAMEWORK_HEADER = YES;
				CLANG_WARN_RANGE_LOOP_ANALYSIS = YES;
				CLANG_WARN_STRICT_PROTOTYPES = YES;
				CLANG_WARN_SUSPICIOUS_MOVE = YES;
				CLANG_WARN_UNGUARDED_AVAILABILITY = YES_AGGRESSIVE;
				CLANG_WARN_UNREACHABLE_CODE = YES;
				CLANG_WARN__DUPLICATE_METHOD_MATCH = YES;
				COPY_PHASE_STRIP = NO;
				DEBUG_INFORMATION_FORMAT = "dwarf-with-dsym";
				ENABLE_NS_ASSERTIONS = NO;
				ENABLE_STRICT_OBJC_MSGSEND = YES;
				GCC_C_LANGUAGE_STANDARD = gnu17;
				GCC_NO_COMMON_BLOCKS = YES;
				GCC_WARN_64_TO_32_BIT_CONVERSION = YES;
				GCC_WARN_ABOUT_RETURN_TYPE = YES_ERROR;
				GCC_WARN_UNDECLARED_SELECTOR = YES;
				GCC_WARN_UNINITIALIZED_AUTOS = YES_AGGRESSIVE;
				GCC_WARN_UNUSED_FUNCTION = YES;
				GCC_WARN_UNUSED_VARIABLE = YES;
				IPHONEOS_DEPLOYMENT_TARGET = 16.0;
				MTL_ENABLE_DEBUG_INFO = NO;
				MTL_FAST_MATH = YES;
				SDKROOT = iphoneos;
				SWIFT_COMPILATION_MODE = wholemodule;
				SWIFT_OPTIMIZATION_LEVEL = "-O";
			};
			name = Release;
		};
		9C0000B02C88C00100000001 /* Debug */ = {
			isa = XCBuildConfiguration;
			buildSettings = {
				CODE_SIGN_IDENTITY = "Apple Development";
				"CODE_SIGN_IDENTITY[sdk=iphonesimulator*]" = "-";
				"CODE_SIGNING_REQUIRED[sdk=iphonesimulator*]" = YES;
				CODE_SIGN_STYLE = Automatic;
				CURRENT_PROJECT_VERSION = 1;
				DEVELOPMENT_TEAM = "";
				ENABLE_PREVIEWS = YES;
				GENERATE_INFOPLIST_FILE = NO;
				INFOPLIST_FILE = TorBooking/Info.plist;
				IPHONEOS_DEPLOYMENT_TARGET = 16.0;
				MARKETING_VERSION = 0.1;
				PRODUCT_BUNDLE_IDENTIFIER = app.torly.mvp;
				PRODUCT_NAME = Torly;
				SDKROOT = iphoneos;
				SUPPORTED_PLATFORMS = "iphonesimulator iphoneos";
				SUPPORTS_MACCATALYST = NO;
				SUPPORTS_MAC_DESIGNED_FOR_IPHONE_IPAD = NO;
				SWIFT_EMIT_LOC_STRINGS = YES;
				SWIFT_VERSION = 5.0;
				TARGETED_DEVICE_FAMILY = 1;
			};
			name = Debug;
		};
		9C0000B12C88C00100000001 /* Release */ = {
			isa = XCBuildConfiguration;
			buildSettings = {
				CODE_SIGN_IDENTITY = "Apple Development";
				"CODE_SIGN_IDENTITY[sdk=iphonesimulator*]" = "-";
				"CODE_SIGNING_REQUIRED[sdk=iphonesimulator*]" = YES;
				CODE_SIGN_STYLE = Automatic;
				CURRENT_PROJECT_VERSION = 1;
				DEVELOPMENT_TEAM = "";
				ENABLE_PREVIEWS = YES;
				GENERATE_INFOPLIST_FILE = NO;
				INFOPLIST_FILE = TorBooking/Info.plist;
				IPHONEOS_DEPLOYMENT_TARGET = 16.0;
				MARKETING_VERSION = 0.1;
				PRODUCT_BUNDLE_IDENTIFIER = app.torly.mvp;
				PRODUCT_NAME = Torly;
				SDKROOT = iphoneos;
				SUPPORTED_PLATFORMS = "iphonesimulator iphoneos";
				SUPPORTS_MACCATALYST = NO;
				SUPPORTS_MAC_DESIGNED_FOR_IPHONE_IPAD = NO;
				SWIFT_EMIT_LOC_STRINGS = YES;
				SWIFT_VERSION = 5.0;
				TARGETED_DEVICE_FAMILY = 1;
			};
			name = Release;
		};
/* End XCBuildConfiguration section */

/* Begin XCConfigurationList section */
		9C0000902C88C00100000001 /* Build configuration list for PBXProject "Torly" */ = {
			isa = XCConfigurationList;
			buildConfigurations = (
				9C0000A02C88C00100000001 /* Debug */,
				9C0000A12C88C00100000001 /* Release */,
			);
			defaultConfigurationIsVisible = 0;
			defaultConfigurationName = Release;
		};
		9C0000702C88C00100000001 /* Build configuration list for PBXNativeTarget "Torly" */ = {
			isa = XCConfigurationList;
			buildConfigurations = (
				9C0000B02C88C00100000001 /* Debug */,
				9C0000B12C88C00100000001 /* Release */,
			);
			defaultConfigurationIsVisible = 0;
			defaultConfigurationName = Release;
		};
/* End XCConfigurationList section */
	};
	rootObject = 9C0000802C88C00100000001 /* Project object */;
}
